// !$*UTF8*$!
{
	archiveVersion = 1;
	classes = {
	};
	objectVersion = 55;
	objects = {

/* Begin PBXBuildFile section */
		418A7B6D2759965100E4D6F1 /* imagetestApp.swift in Sources */ = {isa = PBXBuildFile; fileRef = 418A7B6C2759965100E4D6F1 /* imagetestApp.swift */; };
		418A7B6F2759965100E4D6F1 /* ContentView.swift in Sources */ = {isa = PBXBuildFile; fileRef = 418A7B6E2759965100E4D6F1 /* ContentView.swift */; };
		418A7B712759965200E4D6F1 /* Assets.xcassets in Resources */ = {isa = PBXBuildFile; fileRef = 418A7B702759965200E4D6F1 /* Assets.xcassets */; };
		418A7B742759965200E4D6F1 /* Preview Assets.xcassets in Resources */ = {isa = PBXBuildFile; fileRef = 418A7B732759965200E4D6F1 /* Preview Assets.xcassets */; };
		418A7B7F2759965200E4D6F1 /* imagetestTests.swift in Sources */ = {isa = PBXBuildFile; fileRef = 418A7B7E2759965200E4D6F1 /* imagetestTests.swift */; };
		418A7B892759965200E4D6F1 /* imagetestUITests.swift in Sources */ = {isa = PBXBuildFile; fileRef = 418A7B882759965200E4D6F1 /* imagetestUITests.swift */; };
		418A7B8B2759965200E4D6F1 /* imagetestUITestsLaunchTests.swift in Sources */ = {isa = PBXBuildFile; fileRef = 418A7B8A2759965200E4D6F1 /* imagetestUITestsLaunchTests.swift */; };
		418A7BA22759AEC400E4D6F1 /* ImageSlider.swift in Sources */ = {isa = PBXBuildFile; fileRef = 418A7BA12759AEC400E4D6F1 /* ImageSlider.swift */; };
/* End PBXBuildFile section */

/* Begin PBXContainerItemProxy section */
		418A7B7B2759965200E4D6F1 /* PBXContainerItemProxy */ = {
			isa = PBXContainerItemProxy;
			containerPortal = 418A7B612759965100E4D6F1 /* Project object */;
			proxyType = 1;
			remoteGlobalIDString = 418A7B682759965100E4D6F1;
			remoteInfo = imagetest;
		};
		418A7B852759965200E4D6F1 /* PBXContainerItemProxy */ = {
			isa = PBXContainerItemProxy;
			containerPortal = 418A7B612759965100E4D6F1 /* Project object */;
			proxyType = 1;
			remoteGlobalIDString = 418A7B682759965100E4D6F1;
			remoteInfo = imagetest;
		};
/* End PBXContainerItemProxy section */

/* Begin PBXFileReference section */
		418A7B692759965100E4D6F1 /* imagetest.app */ = {isa = PBXFileReference; explicitFileType = wrapper.application; includeInIndex = 0; path = imagetest.app; sourceTree = BUILT_PRODUCTS_DIR; };
		418A7B6C2759965100E4D6F1 /* imagetestApp.swift */ = {isa = PBXFileReference; lastKnownFileType = sourcecode.swift; path = imagetestApp.swift; sourceTree = "<group>"; };
		418A7B6E2759965100E4D6F1 /* ContentView.swift */ = {isa = PBXFileReference; lastKnownFileType = sourcecode.swift; path = ContentView.swift; sourceTree = "<group>"; };
		418A7B702759965200E4D6F1 /* Assets.xcassets */ = {isa = PBXFileReference; lastKnownFileType = folder.assetcatalog; path = Assets.xcassets; sourceTree = "<group>"; };
		418A7B732759965200E4D6F1 /* Preview Assets.xcassets */ = {isa = PBXFileReference; lastKnownFileType = folder.assetcatalog; path = "Preview Assets.xcassets"; sourceTree = "<group>"; };
		418A7B752759965200E4D6F1 /* imagetest.entitlements */ = {isa = PBXFileReference; lastKnownFileType = text.plist.entitlements; path = imagetest.entitlements; sourceTree = "<group>"; };
		418A7B7A2759965200E4D6F1 /* imagetestTests.xctest */ = {isa = PBXFileReference; explicitFileType = wrapper.cfbundle; includeInIndex = 0; path = imagetestTests.xctest; sourceTree = BUILT_PRODUCTS_DIR; };
		418A7B7E2759965200E4D6F1 /* imagetestTests.swift */ = {isa = PBXFileReference; lastKnownFileType = sourcecode.swift; path = imagetestTests.swift; sourceTree = "<group>"; };
		418A7B842759965200E4D6F1 /* imagetestUITests.xctest */ = {isa = PBXFileReference; explicitFileType = wrapper.cfbundle; includeInIndex = 0; path = imagetestUITests.xctest; sourceTree = BUILT_PRODUCTS_DIR; };
		418A7B882759965200E4D6F1 /* imagetestUITests.swift */ = {isa = PBXFileReference; lastKnownFileType = sourcecode.swift; path = imagetestUITests.swift; sourceTree = "<group>"; };
		418A7B8A2759965200E4D6F1 /* imagetestUITestsLaunchTests.swift */ = {isa = PBXFileReference; lastKnownFileType = sourcecode.swift; path = imagetestUITestsLaunchTests.swift; sourceTree = "<group>"; };
		418A7BA12759AEC400E4D6F1 /* ImageSlider.swift */ = {isa = PBXFileReference; lastKnownFileType = sourcecode.swift; path = ImageSlider.swift; sourceTree = "<group>"; };
/* End PBXFileReference section */

/* Begin PBXFrameworksBuildPhase section */
		418A7B662759965100E4D6F1 /* Frameworks */ = {
			isa = PBXFrameworksBuildPhase;
			buildActionMask = 2147483647;
			files = (
			);
			runOnlyForDeploymentPostprocessing = 0;
		};
		418A7B772759965200E4D6F1 /* Frameworks */ = {
			isa = PBXFrameworksBuildPhase;
			buildActionMask = 2147483647;
			files = (
			);
			runOnlyForDeploymentPostprocessing = 0;
		};
		418A7B812759965200E4D6F1 /* Frameworks */ = {
			isa = PBXFrameworksBuildPhase;
			buildActionMask = 2147483647;
			files = (
			);
			runOnlyForDeploymentPostprocessing = 0;
		};
/* End PBXFrameworksBuildPhase section */

/* Begin PBXGroup section */
		418A7B602759965100E4D6F1 = {
			isa = PBXGroup;
			children = (
				418A7B6B2759965100E4D6F1 /* imagetest */,
				418A7B7D2759965200E4D6F1 /* imagetestTests */,
				418A7B872759965200E4D6F1 /* imagetestUITests */,
				418A7B6A2759965100E4D6F1 /* Products */,
			);
			sourceTree = "<group>";
		};
		418A7B6A2759965100E4D6F1 /* Products */ = {
			isa = PBXGroup;
			children = (
				418A7B692759965100E4D6F1 /* imagetest.app */,
				418A7B7A2759965200E4D6F1 /* imagetestTests.xctest */,
				418A7B842759965200E4D6F1 /* imagetestUITests.xctest */,
			);
			name = Products;
			sourceTree = "<group>";
		};
		418A7B6B2759965100E4D6F1 /* imagetest */ = {
			isa = PBXGroup;
			children = (
				418A7B6C2759965100E4D6F1 /* imagetestApp.swift */,
				418A7B6E2759965100E4D6F1 /* ContentView.swift */,
				418A7BA12759AEC400E4D6F1 /* ImageSlider.swift */,
				418A7B702759965200E4D6F1 /* Assets.xcassets */,
				418A7B752759965200E4D6F1 /* imagetest.entitlements */,
				418A7B722759965200E4D6F1 /* Preview Content */,
			);
			path = imagetest;
			sourceTree = "<group>";
		};
		418A7B722759965200E4D6F1 /* Preview Content */ = {
			isa = PBXGroup;
			children = (
				418A7B732759965200E4D6F1 /* Preview Assets.xcassets */,
			);
			path = "Preview Content";
			sourceTree = "<group>";
		};
		418A7B7D2759965200E4D6F1 /* imagetestTests */ = {
			isa = PBXGroup;
			children = (
				418A7B7E2759965200E4D6F1 /* imagetestTests.swift */,
			);
			path = imagetestTests;
			sourceTree = "<group>";
		};
		418A7B872759965200E4D6F1 /* imagetestUITests */ = {
			isa = PBXGroup;
			children = (
				418A7B882759965200E4D6F1 /* imagetestUITests.swift */,
				418A7B8A2759965200E4D6F1 /* imagetestUITestsLaunchTests.swift */,
			);
			path = imagetestUITests;
			sourceTree = "<group>";
		};
/* End PBXGroup section */

/* Begin PBXNativeTarget section */
		418A7B682759965100E4D6F1 /* imagetest */ = {
			isa = PBXNativeTarget;
			buildConfigurationList = 418A7B8E2759965200E4D6F1 /* Build configuration list for PBXNativeTarget "imagetest" */;
			buildPhases = (
				418A7B652759965100E4D6F1 /* Sources */,
				418A7B662759965100E4D6F1 /* Frameworks */,
				418A7B672759965100E4D6F1 /* Resources */,
			);
			buildRules = (
			);
			dependencies = (
			);
			name = imagetest;
			productName = imagetest;
			productReference = 418A7B692759965100E4D6F1 /* imagetest.app */;
			productType = "com.apple.product-type.application";
		};
		418A7B792759965200E4D6F1 /* imagetestTests */ = {
			isa = PBXNativeTarget;
			buildConfigurationList = 418A7B912759965200E4D6F1 /* Build configuration list for PBXNativeTarget "imagetestTests" */;
			buildPhases = (
				418A7B762759965200E4D6F1 /* Sources */,
				418A7B772759965200E4D6F1 /* Frameworks */,
				418A7B782759965200E4D6F1 /* Resources */,
			);
			buildRules = (
			);
			dependencies = (
				418A7B7C2759965200E4D6F1 /* PBXTargetDependency */,
			);
			name = imagetestTests;
			productName = imagetestTests;
			productReference = 418A7B7A2759965200E4D6F1 /* imagetestTests.xctest */;
			productType = "com.apple.product-type.bundle.unit-test";
		};
		418A7B832759965200E4D6F1 /* imagetestUITests */ = {
			isa = PBXNativeTarget;
			buildConfigurationList = 418A7B942759965200E4D6F1 /* Build configuration list for PBXNativeTarget "imagetestUITests" */;
			buildPhases = (
				418A7B802759965200E4D6F1 /* Sources */,
				418A7B812759965200E4D6F1 /* Frameworks */,
				418A7B822759965200E4D6F1 /* Resources */,
			);
			buildRules = (
			);
			dependencies = (
				418A7B862759965200E4D6F1 /* PBXTargetDependency */,
			);
			name = imagetestUITests;
			productName = imagetestUITests;
			productReference = 418A7B842759965200E4D6F1 /* imagetestUITests.xctest */;
			productType = "com.apple.product-type.bundle.ui-testing";
		};
/* End PBXNativeTarget section */

/* Begin PBXProject section */
		418A7B612759965100E4D6F1 /* Project object */ = {
			isa = PBXProject;
			attributes = {
				BuildIndependentTargetsInParallel = 1;
				LastSwiftUpdateCheck = 1310;
				LastUpgradeCheck = 1310;
				TargetAttributes = {
					418A7B682759965100E4D6F1 = {
						CreatedOnToolsVersion = 13.1;
					};
					418A7B792759965200E4D6F1 = {
						CreatedOnToolsVersion = 13.1;
						TestTargetID = 418A7B682759965100E4D6F1;
					};
					418A7B832759965200E4D6F1 = {
						CreatedOnToolsVersion = 13.1;
						TestTargetID = 418A7B682759965100E4D6F1;
					};
				};
			};
			buildConfigurationList = 418A7B642759965100E4D6F1 /* Build configuration list for PBXProject "imagetest" */;
			compatibilityVersion = "Xcode 13.0";
			developmentRegion = en;
			hasScannedForEncodings = 0;
			knownRegions = (
				en,
				Base,
			);
			mainGroup = 418A7B602759965100E4D6F1;
			productRefGroup = 418A7B6A2759965100E4D6F1 /* Products */;
			projectDirPath = "";
			projectRoot = "";
			targets = (
				418A7B682759965100E4D6F1 /* imagetest */,
				418A7B792759965200E4D6F1 /* imagetestTests */,
				418A7B832759965200E4D6F1 /* imagetestUITests */,
			);
		};
/* End PBXProject section */

/* Begin PBXResourcesBuildPhase section */
		418A7B672759965100E4D6F1 /* Resources */ = {
			isa = PBXResourcesBuildPhase;
			buildActionMask = 2147483647;
			files = (
				418A7B742759965200E4D6F1 /* Preview Assets.xcassets in Resources */,
				418A7B712759965200E4D6F1 /* Assets.xcassets in Resources */,
			);
			runOnlyForDeploymentPostprocessing = 0;
		};
		418A7B782759965200E4D6F1 /* Resources */ = {
			isa = PBXResourcesBuildPhase;
			buildActionMask = 2147483647;
			files = (
			);
			runOnlyForDeploymentPostprocessing = 0;
		};
		418A7B822759965200E4D6F1 /* Resources */ = {
			isa = PBXResourcesBuildPhase;
			buildActionMask = 2147483647;
			files = (
			);
			runOnlyForDeploymentPostprocessing = 0;
		};
/* End PBXResourcesBuildPhase section */

/* Begin PBXSourcesBuildPhase section */
		418A7B652759965100E4D6F1 /* Sources */ = {
			isa = PBXSourcesBuildPhase;
			buildActionMask = 2147483647;
			files = (
				418A7B6F2759965100E4D6F1 /* ContentView.swift in Sources */,
				418A7B6D2759965100E4D6F1 /* imagetestApp.swift in Sources */,
				418A7BA22759AEC400E4D6F1 /* ImageSlider.swift in Sources */,
			);
			runOnlyForDeploymentPostprocessing = 0;
		};
		418A7B762759965200E4D6F1 /* Sources */ = {
			isa = PBXSourcesBuildPhase;
			buildActionMask = 2147483647;
			files = (
				418A7B7F2759965200E4D6F1 /* imagetestTests.swift in Sources */,
			);
			runOnlyForDeploymentPostprocessing = 0;
		};
		418A7B802759965200E4D6F1 /* Sources */ = {
			isa = PBXSourcesBuildPhase;
			buildActionMask = 2147483647;
			files = (
				418A7B8B2759965200E4D6F1 /* imagetestUITestsLaunchTests.swift in Sources */,
				418A7B892759965200E4D6F1 /* imagetestUITests.swift in Sources */,
			);
			runOnlyForDeploymentPostprocessing = 0;
		};
/* End PBXSourcesBuildPhase section */

/* Begin PBXTargetDependency section */
		418A7B7C2759965200E4D6F1 /* PBXTargetDependency */ = {
			isa = PBXTargetDependency;
			target = 418A7B682759965100E4D6F1 /* imagetest */;
			targetProxy = 418A7B7B2759965200E4D6F1 /* PBXContainerItemProxy */;
		};
		418A7B862759965200E4D6F1 /* PBXTargetDependency */ = {
			isa = PBXTargetDependency;
			target = 418A7B682759965100E4D6F1 /* imagetest */;
			targetProxy = 418A7B852759965200E4D6F1 /* PBXContainerItemProxy */;
		};
/* End PBXTargetDependency section */

/* Begin XCBuildConfiguration section */
		418A7B8C2759965200E4D6F1 /* Debug */ = {
			isa = XCBuildConfiguration;
			buildSettings = {
				ALWAYS_SEARCH_USER_PATHS = NO;
				CLANG_ANALYZER_NONNULL = YES;
				CLANG_ANALYZER_NUMBER_OBJECT_CONVERSION = YES_AGGRESSIVE;
				CLANG_CXX_LANGUAGE_STANDARD = "gnu++17";
				CLANG_CXX_LIBRARY = "libc++";
				CLANG_ENABLE_MODULES = YES;
				CLANG_ENABLE_OBJC_ARC = YES;
				CLANG_ENABLE_OBJC_WEAK = YES;
				CLANG_WARN_BLOCK_CAPTURE_AUTORELEASING = YES;
				CLANG_WARN_BOOL_CONVERSION = YES;
				CLANG_WARN_COMMA = YES;
				CLANG_WARN_CONSTANT_CONVERSION = YES;
				CLANG_WARN_DEPRECATED_OBJC_IMPLEMENTATIONS = YES;
				CLANG_WARN_DIRECT_OBJC_ISA_USAGE = YES_ERROR;
				CLANG_WARN_DOCUMENTATION_COMMENTS = YES;
				CLANG_WARN_EMPTY_BODY = YES;
				CLANG_WARN_ENUM_CONVERSION = YES;
				CLANG_WARN_INFINITE_RECURSION = YES;
				CLANG_WARN_INT_CONVERSION = YES;
				CLANG_WARN_NON_LITERAL_NULL_CONVERSION = YES;
				CLANG_WARN_OBJC_IMPLICIT_RETAIN_SELF = YES;
				CLANG_WARN_OBJC_LITERAL_CONVERSION = YES;
				CLANG_WARN_OBJC_ROOT_CLASS = YES_ERROR;
				CLANG_WARN_QUOTED_INCLUDE_IN_FRAMEWORK_HEADER = YES;
				CLANG_WARN_RANGE_LOOP_ANALYSIS = YES;
				CLANG_WARN_STRICT_PROTOTYPES = YES;
				CLANG_WARN_SUSPICIOUS_MOVE = YES;
				CLANG_WARN_UNGUARDED_AVAILABILITY = YES_AGGRESSIVE;
				CLANG_WARN_UNREACHABLE_CODE = YES;
				CLANG_WARN__DUPLICATE_METHOD_MATCH = YES;
				COPY_PHASE_STRIP = NO;
				DEBUG_INFORMATION_FORMAT = dwarf;
				ENABLE_STRICT_OBJC_MSGSEND = YES;
				ENABLE_TESTABILITY = YES;
				GCC_C_LANGUAGE_STANDARD = gnu11;
				GCC_DYNAMIC_NO_PIC = NO;
				GCC_NO_COMMON_BLOCKS = YES;
				GCC_OPTIMIZATION_LEVEL = 0;
				GCC_PREPROCESSOR_DEFINITIONS = (
					"DEBUG=1",
					"$(inherited)",
				);
				GCC_WARN_64_TO_32_BIT_CONVERSION = YES;
				GCC_WARN_ABOUT_RETURN_TYPE = YES_ERROR;
				GCC_WARN_UNDECLARED_SELECTOR = YES;
				GCC_WARN_UNINITIALIZED_AUTOS = YES_AGGRESSIVE;
				GCC_WARN_UNUSED_FUNCTION = YES;
				GCC_WARN_UNUSED_VARIABLE = YES;
				MACOSX_DEPLOYMENT_TARGET = 12.0;
				MTL_ENABLE_DEBUG_INFO = INCLUDE_SOURCE;
				MTL_FAST_MATH = YES;
				ONLY_ACTIVE_ARCH = YES;
				SDKROOT = macosx;
				SWIFT_ACTIVE_COMPILATION_CONDITIONS = DEBUG;
				SWIFT_OPTIMIZATION_LEVEL = "-Onone";
			};
			name = Debug;
		};
		418A7B8D2759965200E4D6F1 /* Release */ = {
			isa = XCBuildConfiguration;
			buildSettings = {
				ALWAYS_SEARCH_USER_PATHS = NO;
				CLANG_ANALYZER_NONNULL = YES;
				CLANG_ANALYZER_NUMBER_OBJECT_CONVERSION = YES_AGGRESSIVE;
				CLANG_CXX_LANGUAGE_STANDARD = "gnu++17";
				CLANG_CXX_LIBRARY = "libc++";
				CLANG_ENABLE_MODULES = YES;
				CLANG_ENABLE_OBJC_ARC = YES;
				CLANG_ENABLE_OBJC_WEAK = YES;
				CLANG_WARN_BLOCK_CAPTURE_AUTORELEASING = YES;
				CLANG_WARN_BOOL_CONVERSION = YES;
				CLANG_WARN_COMMA = YES;
				CLANG_WARN_CONSTANT_CONVERSION = YES;
				CLANG_WARN_DEPRECATED_OBJC_IMPLEMENTATIONS = YES;
				CLANG_WARN_DIRECT_OBJC_ISA_USAGE = YES_ERROR;
				CLANG_WARN_DOCUMENTATION_COMMENTS = YES;
				CLANG_WARN_EMPTY_BODY = YES;
				CLANG_WARN_ENUM_CONVERSION = YES;
				CLANG_WARN_INFINITE_RECURSION = YES;
				CLANG_WARN_INT_CONVERSION = YES;
				CLANG_WARN_NON_LITERAL_NULL_CONVERSION = YES;
				CLANG_WARN_OBJC_IMPLICIT_RETAIN_SELF = YES;
				CLANG_WARN_OBJC_LITERAL_CONVERSION = YES;
				CLANG_WARN_OBJC_ROOT_CLASS = YES_ERROR;
				CLANG_WARN_QUOTED_INCLUDE_IN_FRAMEWORK_HEADER = YES;
				CLANG_WARN_RANGE_LOOP_ANALYSIS = YES;
				CLANG_WARN_STRICT_PROTOTYPES = YES;
				CLANG_WARN_SUSPICIOUS_MOVE = YES;
				CLANG_WARN_UNGUARDED_AVAILABILITY = YES_AGGRESSIVE;
				CLANG_WARN_UNREACHABLE_CODE = YES;
				CLANG_WARN__DUPLICATE_METHOD_MATCH = YES;
				COPY_PHASE_STRIP = NO;
				DEBUG_INFORMATION_FORMAT = "dwarf-with-dsym";
				ENABLE_NS_ASSERTIONS = NO;
				ENABLE_STRICT_OBJC_MSGSEND = YES;
				GCC_C_LANGUAGE_STANDARD = gnu11;
				GCC_NO_COMMON_BLOCKS = YES;
				GCC_WARN_64_TO_32_BIT_CONVERSION = YES;
				GCC_WARN_ABOUT_RETURN_TYPE = YES_ERROR;
				GCC_WARN_UNDECLARED_SELECTOR = YES;
				GCC_WARN_UNINITIALIZED_AUTOS = YES_AGGRESSIVE;
				GCC_WARN_UNUSED_FUNCTION = YES;
				GCC_WARN_UNUSED_VARIABLE = YES;
				MACOSX_DEPLOYMENT_TARGET = 12.0;
				MTL_ENABLE_DEBUG_INFO = NO;
				MTL_FAST_MATH = YES;
				SDKROOT = macosx;
				SWIFT_COMPILATION_MODE = wholemodule;
				SWIFT_OPTIMIZATION_LEVEL = "-O";
			};
			name = Release;
		};
		418A7B8F2759965200E4D6F1 /* Debug */ = {
			isa = XCBuildConfiguration;
			buildSettings = {
				ASSETCATALOG_COMPILER_APPICON_NAME = AppIcon;
				ASSETCATALOG_COMPILER_GLOBAL_ACCENT_COLOR_NAME = AccentColor;
				CODE_SIGN_ENTITLEMENTS = imagetest/imagetest.entitlements;
				CODE_SIGN_STYLE = Automatic;
				COMBINE_HIDPI_IMAGES = YES;
				CURRENT_PROJECT_VERSION = 1;
				DEVELOPMENT_ASSET_PATHS = "\"imagetest/Preview Content\"";
				ENABLE_PREVIEWS = YES;
				GENERATE_INFOPLIST_FILE = YES;
				INFOPLIST_KEY_NSHumanReadableCopyright = "";
				LD_RUNPATH_SEARCH_PATHS = (
					"$(inherited)",
					"@executable_path/../Frameworks",
				);
				MARKETING_VERSION = 1.0;
				PRODUCT_BUNDLE_IDENTIFIER = test.imagetest;
				PRODUCT_NAME = "$(TARGET_NAME)";
				SWIFT_EMIT_LOC_STRINGS = YES;
				SWIFT_VERSION = 5.0;
			};
			name = Debug;
		};
		418A7B902759965200E4D6F1 /* Release */ = {
			isa = XCBuildConfiguration;
			buildSettings = {
				ASSETCATALOG_COMPILER_APPICON_NAME = AppIcon;
				ASSETCATALOG_COMPILER_GLOBAL_ACCENT_COLOR_NAME = AccentColor;
				CODE_SIGN_ENTITLEMENTS = imagetest/imagetest.entitlements;
				CODE_SIGN_STYLE = Automatic;
				COMBINE_HIDPI_IMAGES = YES;
				CURRENT_PROJECT_VERSION = 1;
				DEVELOPMENT_ASSET_PATHS = "\"imagetest/Preview Content\"";
				ENABLE_PREVIEWS = YES;
				GENERATE_INFOPLIST_FILE = YES;
				INFOPLIST_KEY_NSHumanReadableCopyright = "";
				LD_RUNPATH_SEARCH_PATHS = (
					"$(inherited)",
					"@executable_path/../Frameworks",
				);
				MARKETING_VERSION = 1.0;
				PRODUCT_BUNDLE_IDENTIFIER = test.imagetest;
				PRODUCT_NAME = "$(TARGET_NAME)";
				SWIFT_EMIT_LOC_STRINGS = YES;
				SWIFT_VERSION = 5.0;
			};
			name = Release;
		};
		418A7B922759965200E4D6F1 /* Debug */ = {
			isa = XCBuildConfiguration;
			buildSettings = {
				ALWAYS_EMBED_SWIFT_STANDARD_LIBRARIES = YES;
				BUNDLE_LOADER = "$(TEST_HOST)";
				CODE_SIGN_STYLE = Automatic;
				COMBINE_HIDPI_IMAGES = YES;
				CURRENT_PROJECT_VERSION = 1;
				GENERATE_INFOPLIST_FILE = YES;
				LD_RUNPATH_SEARCH_PATHS = (
					"$(inherited)",
					"@executable_path/../Frameworks",
					"@loader_path/../Frameworks",
				);
				MACOSX_DEPLOYMENT_TARGET = 12.0;
				MARKETING_VERSION = 1.0;
				PRODUCT_BUNDLE_IDENTIFIER = test.imagetestTests;
				PRODUCT_NAME = "$(TARGET_NAME)";
				SWIFT_EMIT_LOC_STRINGS = NO;
				SWIFT_VERSION = 5.0;
				TEST_HOST = "$(BUILT_PRODUCTS_DIR)/imagetest.app/Contents/MacOS/imagetest";
			};
			name = Debug;
		};
		418A7B932759965200E4D6F1 /* Release */ = {
			isa = XCBuildConfiguration;
			buildSettings = {
				ALWAYS_EMBED_SWIFT_STANDARD_LIBRARIES = YES;
				BUNDLE_LOADER = "$(TEST_HOST)";
				CODE_SIGN_STYLE = Automatic;
				COMBINE_HIDPI_IMAGES = YES;
				CURRENT_PROJECT_VERSION = 1;
				GENERATE_INFOPLIST_FILE = YES;
				LD_RUNPATH_SEARCH_PATHS = (
					"$(inherited)",
					"@executable_path/../Frameworks",
					"@loader_path/../Frameworks",
				);
				MACOSX_DEPLOYMENT_TARGET = 12.0;
				MARKETING_VERSION = 1.0;
				PRODUCT_BUNDLE_IDENTIFIER = test.imagetestTests;
				PRODUCT_NAME = "$(TARGET_NAME)";
				SWIFT_EMIT_LOC_STRINGS = NO;
				SWIFT_VERSION = 5.0;
				TEST_HOST = "$(BUILT_PRODUCTS_DIR)/imagetest.app/Contents/MacOS/imagetest";
			};
			name = Release;
		};
		418A7B952759965200E4D6F1 /* Debug */ = {
			isa = XCBuildConfiguration;
			buildSettings = {
				ALWAYS_EMBED_SWIFT_STANDARD_LIBRARIES = YES;
				CODE_SIGN_STYLE = Automatic;
				COMBINE_HIDPI_IMAGES = YES;
				CURRENT_PROJECT_VERSION = 1;
				GENERATE_INFOPLIST_FILE = YES;
				LD_RUNPATH_SEARCH_PATHS = (
					"$(inherited)",
					"@executable_path/../Frameworks",
					"@loader_path/../Frameworks",
				);
				MARKETING_VERSION = 1.0;
				PRODUCT_BUNDLE_IDENTIFIER = test.imagetestUITests;
				PRODUCT_NAME = "$(TARGET_NAME)";
				SWIFT_EMIT_LOC_STRINGS = NO;
				SWIFT_VERSION = 5.0;
				TEST_TARGET_NAME = imagetest;
			};
			name = Debug;
		};
		418A7B962759965200E4D6F1 /* Release */ = {
			isa = XCBuildConfiguration;
			buildSettings = {
				ALWAYS_EMBED_SWIFT_STANDARD_LIBRARIES = YES;
				CODE_SIGN_STYLE = Automatic;
				COMBINE_HIDPI_IMAGES = YES;
				CURRENT_PROJECT_VERSION = 1;
				GENERATE_INFOPLIST_FILE = YES;
				LD_RUNPATH_SEARCH_PATHS = (
					"$(inherited)",
					"@executable_path/../Frameworks",
					"@loader_path/../Frameworks",
				);
				MARKETING_VERSION = 1.0;
				PRODUCT_BUNDLE_IDENTIFIER = test.imagetestUITests;
				PRODUCT_NAME = "$(TARGET_NAME)";
				SWIFT_EMIT_LOC_STRINGS = NO;
				SWIFT_VERSION = 5.0;
				TEST_TARGET_NAME = imagetest;
			};
			name = Release;
		};
/* End XCBuildConfiguration section */

/* Begin XCConfigurationList section */
		418A7B642759965100E4D6F1 /* Build configuration list for PBXProject "imagetest" */ = {
			isa = XCConfigurationList;
			buildConfigurations = (
				418A7B8C2759965200E4D6F1 /* Debug */,
				418A7B8D2759965200E4D6F1 /* Release */,
			);
			defaultConfigurationIsVisible = 0;
			defaultConfigurationName = Release;
		};
		418A7B8E2759965200E4D6F1 /* Build configuration list for PBXNativeTarget "imagetest" */ = {
			isa = XCConfigurationList;
			buildConfigurations = (
				418A7B8F2759965200E4D6F1 /* Debug */,
				418A7B902759965200E4D6F1 /* Release */,
			);
			defaultConfigurationIsVisible = 0;
			defaultConfigurationName = Release;
		};
		418A7B912759965200E4D6F1 /* Build configuration list for PBXNativeTarget "imagetestTests" */ = {
			isa = XCConfigurationList;
			buildConfigurations = (
				418A7B922759965200E4D6F1 /* Debug */,
				418A7B932759965200E4D6F1 /* Release */,
			);
			defaultConfigurationIsVisible = 0;
			defaultConfigurationName = Release;
		};
		418A7B942759965200E4D6F1 /* Build configuration list for PBXNativeTarget "imagetestUITests" */ = {
			isa = XCConfigurationList;
			buildConfigurations = (
				418A7B952759965200E4D6F1 /* Debug */,
				418A7B962759965200E4D6F1 /* Release */,
			);
			defaultConfigurationIsVisible = 0;
			defaultConfigurationName = Release;
		};
/* End XCConfigurationList section */
	};
	rootObject = 418A7B612759965100E4D6F1 /* Project object */;
}
